
Microsoft Visual Studio Solution File, Format Version 12.00
# Visual Studio Version 17
VisualStudioVersion = 17.14.36203.30 d17.14
MinimumVisualStudioVersion = 10.0.40219.1
Project("{FAE04EC0-301F-11D3-BF4B-00C04F79EFBC}") = "Bai2", "Bai2.csproj", "{85B8D2BE-45B0-4F07-AE5E-32227D8B6610}"
EndProject
Global
	GlobalSection(SolutionConfigurationPlatforms) = preSolution
		Debug|Any CPU = Debug|Any CPU
		Release|Any CPU = Release|Any CPU
	EndGlobalSection
	GlobalSection(ProjectConfigurationPlatforms) = postSolution
		{85B8D2BE-45B0-4F07-AE5E-32227D8B6610}.Debug|Any CPU.ActiveCfg = Debug|Any CPU
		{85B8D2BE-45B0-4F07-AE5E-32227D8B6610}.Debug|Any CPU.Build.0 = Debug|Any CPU
		{85B8D2BE-45B0-4F07-AE5E-32227D8B6610}.Release|Any CPU.ActiveCfg = Release|Any CPU
		{85B8D2BE-45B0-4F07-AE5E-32227D8B6610}.Release|Any CPU.Build.0 = Release|Any CPU
	EndGlobalSection
	GlobalSection(SolutionProperties) = preSolution
		HideSolutionNode = FALSE
	EndGlobalSection
	GlobalSection(ExtensibilityGlobals) = postSolution
		SolutionGuid = {414C04C6-3C8E-4300-92D5-B6E47E25697B}
	EndGlobalSection
EndGlobal
