
Microsoft Visual Studio Solution File, Format Version 12.00
# Visual Studio Version 17
VisualStudioVersion = 17.14.36203.30 d17.14
MinimumVisualStudioVersion = 10.0.40219.1
Project("{FAE04EC0-301F-11D3-BF4B-00C04F79EFBC}") = "Bai1", "Bai1.csproj", "{0F129B9B-6F60-4954-8A93-A68543458219}"
EndProject
Global
	GlobalSection(SolutionConfigurationPlatforms) = preSolution
		Debug|Any CPU = Debug|Any CPU
		Release|Any CPU = Release|Any CPU
	EndGlobalSection
	GlobalSection(ProjectConfigurationPlatforms) = postSolution
		{0F129B9B-6F60-4954-8A93-A68543458219}.Debug|Any CPU.ActiveCfg = Debug|Any CPU
		{0F129B9B-6F60-4954-8A93-A68543458219}.Debug|Any CPU.Build.0 = Debug|Any CPU
		{0F129B9B-6F60-4954-8A93-A68543458219}.Release|Any CPU.ActiveCfg = Release|Any CPU
		{0F129B9B-6F60-4954-8A93-A68543458219}.Release|Any CPU.Build.0 = Release|Any CPU
	EndGlobalSection
	GlobalSection(SolutionProperties) = preSolution
		HideSolutionNode = FALSE
	EndGlobalSection
	GlobalSection(ExtensibilityGlobals) = postSolution
		SolutionGuid = {9AA78D72-F0F5-4F50-A394-732BDDCA7120}
	EndGlobalSection
EndGlobal
